// !$*UTF8*$!
{
	archiveVersion = 1;
	classes = {
	};
	objectVersion = 46;
	objects = {

/* Begin PBXBuildFile section */
		373E27E2212B426A0003FFDF /* scrollingAnimationUITests.swift in Sources */ = {isa = PBXBuildFile; fileRef = 373E27E1212B426A0003FFDF /* scrollingAnimationUITests.swift */; };
		373E27EA212C59620003FFDF /* SecondViewController.swift in Sources */ = {isa = PBXBuildFile; fileRef = 373E27E9212C59620003FFDF /* SecondViewController.swift */; };
		37ABCF181F37C42600E01A99 /* AppDelegate.swift in Sources */ = {isa = PBXBuildFile; fileRef = 37ABCF171F37C42600E01A99 /* AppDelegate.swift */; };
		37ABCF1D1F37C42600E01A99 /* Main.storyboard in Resources */ = {isa = PBXBuildFile; fileRef = 37ABCF1B1F37C42600E01A99 /* Main.storyboard */; };
		37ABCF1F1F37C42600E01A99 /* Assets.xcassets in Resources */ = {isa = PBXBuildFile; fileRef = 37ABCF1E1F37C42600E01A99 /* Assets.xcassets */; };
		37ABCF221F37C42600E01A99 /* LaunchScreen.storyboard in Resources */ = {isa = PBXBuildFile; fileRef = 37ABCF201F37C42600E01A99 /* LaunchScreen.storyboard */; };
		37ABCF2A1F37CCD100E01A99 /* firstTableviewController.swift in Sources */ = {isa = PBXBuildFile; fileRef = 37ABCF291F37CCD100E01A99 /* firstTableviewController.swift */; };
		37ABCF2C1F440C0C00E01A99 /* TPM_Cast.png in Resources */ = {isa = PBXBuildFile; fileRef = 37ABCF2B1F440C0C00E01A99 /* TPM_Cast.png */; };
/* End PBXBuildFile section */

/* Begin PBXContainerItemProxy section */
		373E27E4212B426A0003FFDF /* PBXContainerItemProxy */ = {
			isa = PBXContainerItemProxy;
			containerPortal = 37ABCF0C1F37C42600E01A99 /* Project object */;
			proxyType = 1;
			remoteGlobalIDString = 37ABCF131F37C42600E01A99;
			remoteInfo = scrollingAnimation;
		};
/* End PBXContainerItemProxy section */

/* Begin PBXFileReference section */
		373E27DF212B42690003FFDF /* scrollingAnimationUITests.xctest */ = {isa = PBXFileReference; explicitFileType = wrapper.cfbundle; includeInIndex = 0; path = scrollingAnimationUITests.xctest; sourceTree = BUILT_PRODUCTS_DIR; };
		373E27E1212B426A0003FFDF /* scrollingAnimationUITests.swift */ = {isa = PBXFileReference; lastKnownFileType = sourcecode.swift; path = scrollingAnimationUITests.swift; sourceTree = "<group>"; };
		373E27E3212B426A0003FFDF /* Info.plist */ = {isa = PBXFileReference; lastKnownFileType = text.plist.xml; path = Info.plist; sourceTree = "<group>"; };
		373E27E9212C59620003FFDF /* SecondViewController.swift */ = {isa = PBXFileReference; lastKnownFileType = sourcecode.swift; path = SecondViewController.swift; sourceTree = "<group>"; };
		37ABCF141F37C42600E01A99 /* scrollingAnimation.app */ = {isa = PBXFileReference; explicitFileType = wrapper.application; includeInIndex = 0; path = scrollingAnimation.app; sourceTree = BUILT_PRODUCTS_DIR; };
		37ABCF171F37C42600E01A99 /* AppDelegate.swift */ = {isa = PBXFileReference; lastKnownFileType = sourcecode.swift; path = AppDelegate.swift; sourceTree = "<group>"; };
		37ABCF1C1F37C42600E01A99 /* Base */ = {isa = PBXFileReference; lastKnownFileType = file.storyboard; name = Base; path = Base.lproj/Main.storyboard; sourceTree = "<group>"; };
		37ABCF1E1F37C42600E01A99 /* Assets.xcassets */ = {isa = PBXFileReference; lastKnownFileType = folder.assetcatalog; path = Assets.xcassets; sourceTree = "<group>"; };
		37ABCF211F37C42600E01A99 /* Base */ = {isa = PBXFileReference; lastKnownFileType = file.storyboard; name = Base; path = Base.lproj/LaunchScreen.storyboard; sourceTree = "<group>"; };
		37ABCF231F37C42600E01A99 /* Info.plist */ = {isa = PBXFileReference; lastKnownFileType = text.plist.xml; path = Info.plist; sourceTree = "<group>"; };
		37ABCF291F37CCD100E01A99 /* firstTableviewController.swift */ = {isa = PBXFileReference; fileEncoding = 4; lastKnownFileType = sourcecode.swift; path = firstTableviewController.swift; sourceTree = "<group>"; };
		37ABCF2B1F440C0C00E01A99 /* TPM_Cast.png */ = {isa = PBXFileReference; lastKnownFileType = image.png; path = TPM_Cast.png; sourceTree = "<group>"; };
/* End PBXFileReference section */

/* Begin PBXFrameworksBuildPhase section */
		373E27DC212B42690003FFDF /* Frameworks */ = {
			isa = PBXFrameworksBuildPhase;
			buildActionMask = 2147483647;
			files = (
			);
			runOnlyForDeploymentPostprocessing = 0;
		};
		37ABCF111F37C42600E01A99 /* Frameworks */ = {
			isa = PBXFrameworksBuildPhase;
			buildActionMask = 2147483647;
			files = (
			);
			runOnlyForDeploymentPostprocessing = 0;
		};
/* End PBXFrameworksBuildPhase section */

/* Begin PBXGroup section */
		373E27E0212B426A0003FFDF /* scrollingAnimationUITests */ = {
			isa = PBXGroup;
			children = (
				373E27E1212B426A0003FFDF /* scrollingAnimationUITests.swift */,
				373E27E3212B426A0003FFDF /* Info.plist */,
			);
			path = scrollingAnimationUITests;
			sourceTree = "<group>";
		};
		37ABCF0B1F37C42600E01A99 = {
			isa = PBXGroup;
			children = (
				37ABCF161F37C42600E01A99 /* scrollingAnimation */,
				373E27E0212B426A0003FFDF /* scrollingAnimationUITests */,
				37ABCF151F37C42600E01A99 /* Products */,
			);
			sourceTree = "<group>";
		};
		37ABCF151F37C42600E01A99 /* Products */ = {
			isa = PBXGroup;
			children = (
				37ABCF141F37C42600E01A99 /* scrollingAnimation.app */,
				373E27DF212B42690003FFDF /* scrollingAnimationUITests.xctest */,
			);
			name = Products;
			sourceTree = "<group>";
		};
		37ABCF161F37C42600E01A99 /* scrollingAnimation */ = {
			isa = PBXGroup;
			children = (
				37ABCF2B1F440C0C00E01A99 /* TPM_Cast.png */,
				37ABCF171F37C42600E01A99 /* AppDelegate.swift */,
				37ABCF1B1F37C42600E01A99 /* Main.storyboard */,
				37ABCF1E1F37C42600E01A99 /* Assets.xcassets */,
				37ABCF201F37C42600E01A99 /* LaunchScreen.storyboard */,
				37ABCF231F37C42600E01A99 /* Info.plist */,
				37ABCF291F37CCD100E01A99 /* firstTableviewController.swift */,
				373E27E9212C59620003FFDF /* SecondViewController.swift */,
			);
			path = scrollingAnimation;
			sourceTree = "<group>";
		};
/* End PBXGroup section */

/* Begin PBXNativeTarget section */
		373E27DE212B42690003FFDF /* scrollingAnimationUITests */ = {
			isa = PBXNativeTarget;
			buildConfigurationList = 373E27E6212B426A0003FFDF /* Build configuration list for PBXNativeTarget "scrollingAnimationUITests" */;
			buildPhases = (
				373E27DB212B42690003FFDF /* Sources */,
				373E27DC212B42690003FFDF /* Frameworks */,
				373E27DD212B42690003FFDF /* Resources */,
			);
			buildRules = (
			);
			dependencies = (
				373E27E5212B426A0003FFDF /* PBXTargetDependency */,
			);
			name = scrollingAnimationUITests;
			productName = scrollingAnimationUITests;
			productReference = 373E27DF212B42690003FFDF /* scrollingAnimationUITests.xctest */;
			productType = "com.apple.product-type.bundle.ui-testing";
		};
		37ABCF131F37C42600E01A99 /* scrollingAnimation */ = {
			isa = PBXNativeTarget;
			buildConfigurationList = 37ABCF261F37C42600E01A99 /* Build configuration list for PBXNativeTarget "scrollingAnimation" */;
			buildPhases = (
				37ABCF101F37C42600E01A99 /* Sources */,
				37ABCF111F37C42600E01A99 /* Frameworks */,
				37ABCF121F37C42600E01A99 /* Resources */,
			);
			buildRules = (
			);
			dependencies = (
			);
			name = scrollingAnimation;
			productName = scrollingAnimation;
			productReference = 37ABCF141F37C42600E01A99 /* scrollingAnimation.app */;
			productType = "com.apple.product-type.application";
		};
/* End PBXNativeTarget section */

/* Begin PBXProject section */
		37ABCF0C1F37C42600E01A99 /* Project object */ = {
			isa = PBXProject;
			attributes = {
				LastSwiftUpdateCheck = 0940;
				LastUpgradeCheck = 0830;
				ORGANIZATIONNAME = NickOwn;
				TargetAttributes = {
					373E27DE212B42690003FFDF = {
						CreatedOnToolsVersion = 9.4.1;
						DevelopmentTeam = U9TJZ6TDQQ;
						ProvisioningStyle = Automatic;
						TestTargetID = 37ABCF131F37C42600E01A99;
					};
					37ABCF131F37C42600E01A99 = {
						CreatedOnToolsVersion = 8.3.2;
						DevelopmentTeam = U9TJZ6TDQQ;
						ProvisioningStyle = Automatic;
					};
				};
			};
			buildConfigurationList = 37ABCF0F1F37C42600E01A99 /* Build configuration list for PBXProject "scrollingAnimation" */;
			compatibilityVersion = "Xcode 3.2";
			developmentRegion = English;
			hasScannedForEncodings = 0;
			knownRegions = (
				en,
				Base,
			);
			mainGroup = 37ABCF0B1F37C42600E01A99;
			productRefGroup = 37ABCF151F37C42600E01A99 /* Products */;
			projectDirPath = "";
			projectRoot = "";
			targets = (
				37ABCF131F37C42600E01A99 /* scrollingAnimation */,
				373E27DE212B42690003FFDF /* scrollingAnimationUITests */,
			);
		};
/* End PBXProject section */

/* Begin PBXResourcesBuildPhase section */
		373E27DD212B42690003FFDF /* Resources */ = {
			isa = PBXResourcesBuildPhase;
			buildActionMask = 2147483647;
			files = (
			);
			runOnlyForDeploymentPostprocessing = 0;
		};
		37ABCF121F37C42600E01A99 /* Resources */ = {
			isa = PBXResourcesBuildPhase;
			buildActionMask = 2147483647;
			files = (
				37ABCF221F37C42600E01A99 /* LaunchScreen.storyboard in Resources */,
				37ABCF1F1F37C42600E01A99 /* Assets.xcassets in Resources */,
				37ABCF2C1F440C0C00E01A99 /* TPM_Cast.png in Resources */,
				37ABCF1D1F37C42600E01A99 /* Main.storyboard in Resources */,
			);
			runOnlyForDeploymentPostprocessing = 0;
		};
/* End PBXResourcesBuildPhase section */

/* Begin PBXSourcesBuildPhase section */
		373E27DB212B42690003FFDF /* Sources */ = {
			isa = PBXSourcesBuildPhase;
			buildActionMask = 2147483647;
			files = (
				373E27E2212B426A0003FFDF /* scrollingAnimationUITests.swift in Sources */,
			);
			runOnlyForDeploymentPostprocessing = 0;
		};
		37ABCF101F37C42600E01A99 /* Sources */ = {
			isa = PBXSourcesBuildPhase;
			buildActionMask = 2147483647;
			files = (
				373E27EA212C59620003FFDF /* SecondViewController.swift in Sources */,
				37ABCF2A1F37CCD100E01A99 /* firstTableviewController.swift in Sources */,
				37ABCF181F37C42600E01A99 /* AppDelegate.swift in Sources */,
			);
			runOnlyForDeploymentPostprocessing = 0;
		};
/* End PBXSourcesBuildPhase section */

/* Begin PBXTargetDependency section */
		373E27E5212B426A0003FFDF /* PBXTargetDependency */ = {
			isa = PBXTargetDependency;
			target = 37ABCF131F37C42600E01A99 /* scrollingAnimation */;
			targetProxy = 373E27E4212B426A0003FFDF /* PBXContainerItemProxy */;
		};
/* End PBXTargetDependency section */

/* Begin PBXVariantGroup section */
		37ABCF1B1F37C42600E01A99 /* Main.storyboard */ = {
			isa = PBXVariantGroup;
			children = (
				37ABCF1C1F37C42600E01A99 /* Base */,
			);
			name = Main.storyboard;
			sourceTree = "<group>";
		};
		37ABCF201F37C42600E01A99 /* LaunchScreen.storyboard */ = {
			isa = PBXVariantGroup;
			children = (
				37ABCF211F37C42600E01A99 /* Base */,
			);
			name = LaunchScreen.storyboard;
			sourceTree = "<group>";
		};
/* End PBXVariantGroup section */

/* Begin XCBuildConfiguration section */
		373E27E7212B426A0003FFDF /* Debug */ = {
			isa = XCBuildConfiguration;
			buildSettings = {
				CLANG_CXX_LANGUAGE_STANDARD = "gnu++14";
				CLANG_ENABLE_OBJC_WEAK = YES;
				CLANG_WARN_BLOCK_CAPTURE_AUTORELEASING = YES;
				CLANG_WARN_COMMA = YES;
				CLANG_WARN_DEPRECATED_OBJC_IMPLEMENTATIONS = YES;
				CLANG_WARN_NON_LITERAL_NULL_CONVERSION = YES;
				CLANG_WARN_OBJC_IMPLICIT_RETAIN_SELF = YES;
				CLANG_WARN_OBJC_LITERAL_CONVERSION = YES;
				CLANG_WARN_RANGE_LOOP_ANALYSIS = YES;
				CLANG_WARN_STRICT_PROTOTYPES = YES;
				CLANG_WARN_UNGUARDED_AVAILABILITY = YES_AGGRESSIVE;
				CODE_SIGN_IDENTITY = "iPhone Developer";
				CODE_SIGN_STYLE = Automatic;
				DEVELOPMENT_TEAM = U9TJZ6TDQQ;
				GCC_C_LANGUAGE_STANDARD = gnu11;
				INFOPLIST_FILE = scrollingAnimationUITests/Info.plist;
				IPHONEOS_DEPLOYMENT_TARGET = 11.4;
				LD_RUNPATH_SEARCH_PATHS = "$(inherited) @executable_path/Frameworks @loader_path/Frameworks";
				PRODUCT_BUNDLE_IDENTIFIER = tw.com.scrollingAnimationUITests;
				PRODUCT_NAME = "$(TARGET_NAME)";
				SWIFT_VERSION = 4.0;
				TARGETED_DEVICE_FAMILY = "1,2";
				TEST_TARGET_NAME = scrollingAnimation;
			};
			name = Debug;
		};
		373E27E8212B426A0003FFDF /* Release */ = {
			isa = XCBuildConfiguration;
			buildSettings = {
				CLANG_CXX_LANGUAGE_STANDARD = "gnu++14";
				CLANG_ENABLE_OBJC_WEAK = YES;
				CLANG_WARN_BLOCK_CAPTURE_AUTORELEASING = YES;
				CLANG_WARN_COMMA = YES;
				CLANG_WARN_DEPRECATED_OBJC_IMPLEMENTATIONS = YES;
				CLANG_WARN_NON_LITERAL_NULL_CONVERSION = YES;
				CLANG_WARN_OBJC_IMPLICIT_RETAIN_SELF = YES;
				CLANG_WARN_OBJC_LITERAL_CONVERSION = YES;
				CLANG_WARN_RANGE_LOOP_ANALYSIS = YES;
				CLANG_WARN_STRICT_PROTOTYPES = YES;
				CLANG_WARN_UNGUARDED_AVAILABILITY = YES_AGGRESSIVE;
				CODE_SIGN_IDENTITY = "iPhone Developer";
				CODE_SIGN_STYLE = Automatic;
				DEVELOPMENT_TEAM = U9TJZ6TDQQ;
				GCC_C_LANGUAGE_STANDARD = gnu11;
				INFOPLIST_FILE = scrollingAnimationUITests/Info.plist;
				IPHONEOS_DEPLOYMENT_TARGET = 11.4;
				LD_RUNPATH_SEARCH_PATHS = "$(inherited) @executable_path/Frameworks @loader_path/Frameworks";
				PRODUCT_BUNDLE_IDENTIFIER = tw.com.scrollingAnimationUITests;
				PRODUCT_NAME = "$(TARGET_NAME)";
				SWIFT_VERSION = 4.0;
				TARGETED_DEVICE_FAMILY = "1,2";
				TEST_TARGET_NAME = scrollingAnimation;
			};
			name = Release;
		};
		37ABCF241F37C42600E01A99 /* Debug */ = {
			isa = XCBuildConfiguration;
			buildSettings = {
				ALWAYS_SEARCH_USER_PATHS = NO;
				CLANG_ANALYZER_NONNULL = YES;
				CLANG_ANALYZER_NUMBER_OBJECT_CONVERSION = YES_AGGRESSIVE;
				CLANG_CXX_LANGUAGE_STANDARD = "gnu++0x";
				CLANG_CXX_LIBRARY = "libc++";
				CLANG_ENABLE_MODULES = YES;
				CLANG_ENABLE_OBJC_ARC = YES;
				CLANG_WARN_BOOL_CONVERSION = YES;
				CLANG_WARN_CONSTANT_CONVERSION = YES;
				CLANG_WARN_DIRECT_OBJC_ISA_USAGE = YES_ERROR;
				CLANG_WARN_DOCUMENTATION_COMMENTS = YES;
				CLANG_WARN_EMPTY_BODY = YES;
				CLANG_WARN_ENUM_CONVERSION = YES;
				CLANG_WARN_INFINITE_RECURSION = YES;
				CLANG_WARN_INT_CONVERSION = YES;
				CLANG_WARN_OBJC_ROOT_CLASS = YES_ERROR;
				CLANG_WARN_SUSPICIOUS_MOVE = YES;
				CLANG_WARN_UNREACHABLE_CODE = YES;
				CLANG_WARN__DUPLICATE_METHOD_MATCH = YES;
				"CODE_SIGN_IDENTITY[sdk=iphoneos*]" = "iPhone Developer";
				COPY_PHASE_STRIP = NO;
				DEBUG_INFORMATION_FORMAT = dwarf;
				ENABLE_STRICT_OBJC_MSGSEND = YES;
				ENABLE_TESTABILITY = YES;
				GCC_C_LANGUAGE_STANDARD = gnu99;
				GCC_DYNAMIC_NO_PIC = NO;
				GCC_NO_COMMON_BLOCKS = YES;
				GCC_OPTIMIZATION_LEVEL = 0;
				GCC_PREPROCESSOR_DEFINITIONS = (
					"DEBUG=1",
					"$(inherited)",
				);
				GCC_WARN_64_TO_32_BIT_CONVERSION = YES;
				GCC_WARN_ABOUT_RETURN_TYPE = YES_ERROR;
				GCC_WARN_UNDECLARED_SELECTOR = YES;
				GCC_WARN_UNINITIALIZED_AUTOS = YES_AGGRESSIVE;
				GCC_WARN_UNUSED_FUNCTION = YES;
				GCC_WARN_UNUSED_VARIABLE = YES;
				IPHONEOS_DEPLOYMENT_TARGET = 10.3;
				MTL_ENABLE_DEBUG_INFO = YES;
				ONLY_ACTIVE_ARCH = YES;
				SDKROOT = iphoneos;
				SWIFT_ACTIVE_COMPILATION_CONDITIONS = DEBUG;
				SWIFT_OPTIMIZATION_LEVEL = "-Onone";
			};
			name = Debug;
		};
		37ABCF251F37C42600E01A99 /* Release */ = {
			isa = XCBuildConfiguration;
			buildSettings = {
				ALWAYS_SEARCH_USER_PATHS = NO;
				CLANG_ANALYZER_NONNULL = YES;
				CLANG_ANALYZER_NUMBER_OBJECT_CONVERSION = YES_AGGRESSIVE;
				CLANG_CXX_LANGUAGE_STANDARD = "gnu++0x";
				CLANG_CXX_LIBRARY = "libc++";
				CLANG_ENABLE_MODULES = YES;
				CLANG_ENABLE_OBJC_ARC = YES;
				CLANG_WARN_BOOL_CONVERSION = YES;
				CLANG_WARN_CONSTANT_CONVERSION = YES;
				CLANG_WARN_DIRECT_OBJC_ISA_USAGE = YES_ERROR;
				CLANG_WARN_DOCUMENTATION_COMMENTS = YES;
				CLANG_WARN_EMPTY_BODY = YES;
				CLANG_WARN_ENUM_CONVERSION = YES;
				CLANG_WARN_INFINITE_RECURSION = YES;
				CLANG_WARN_INT_CONVERSION = YES;
				CLANG_WARN_OBJC_ROOT_CLASS = YES_ERROR;
				CLANG_WARN_SUSPICIOUS_MOVE = YES;
				CLANG_WARN_UNREACHABLE_CODE = YES;
				CLANG_WARN__DUPLICATE_METHOD_MATCH = YES;
				"CODE_SIGN_IDENTITY[sdk=iphoneos*]" = "iPhone Developer";
				COPY_PHASE_STRIP = NO;
				DEBUG_INFORMATION_FORMAT = "dwarf-with-dsym";
				ENABLE_NS_ASSERTIONS = NO;
				ENABLE_STRICT_OBJC_MSGSEND = YES;
				GCC_C_LANGUAGE_STANDARD = gnu99;
				GCC_NO_COMMON_BLOCKS = YES;
				GCC_WARN_64_TO_32_BIT_CONVERSION = YES;
				GCC_WARN_ABOUT_RETURN_TYPE = YES_ERROR;
				GCC_WARN_UNDECLARED_SELECTOR = YES;
				GCC_WARN_UNINITIALIZED_AUTOS = YES_AGGRESSIVE;
				GCC_WARN_UNUSED_FUNCTION = YES;
				GCC_WARN_UNUSED_VARIABLE = YES;
				IPHONEOS_DEPLOYMENT_TARGET = 10.3;
				MTL_ENABLE_DEBUG_INFO = NO;
				SDKROOT = iphoneos;
				SWIFT_OPTIMIZATION_LEVEL = "-Owholemodule";
				VALIDATE_PRODUCT = YES;
			};
			name = Release;
		};
		37ABCF271F37C42600E01A99 /* Debug */ = {
			isa = XCBuildConfiguration;
			buildSettings = {
				ASSETCATALOG_COMPILER_APPICON_NAME = AppIcon;
				DEVELOPMENT_TEAM = U9TJZ6TDQQ;
				INFOPLIST_FILE = scrollingAnimation/Info.plist;
				LD_RUNPATH_SEARCH_PATHS = "$(inherited) @executable_path/Frameworks";
				PRODUCT_BUNDLE_IDENTIFIER = nick.com.scrollingAnimation;
				PRODUCT_NAME = "$(TARGET_NAME)";
				SWIFT_VERSION = 3.0;
			};
			name = Debug;
		};
		37ABCF281F37C42600E01A99 /* Release */ = {
			isa = XCBuildConfiguration;
			buildSettings = {
				ASSETCATALOG_COMPILER_APPICON_NAME = AppIcon;
				DEVELOPMENT_TEAM = U9TJZ6TDQQ;
				INFOPLIST_FILE = scrollingAnimation/Info.plist;
				LD_RUNPATH_SEARCH_PATHS = "$(inherited) @executable_path/Frameworks";
				PRODUCT_BUNDLE_IDENTIFIER = nick.com.scrollingAnimation;
				PRODUCT_NAME = "$(TARGET_NAME)";
				SWIFT_VERSION = 3.0;
			};
			name = Release;
		};
/* End XCBuildConfiguration section */

/* Begin XCConfigurationList section */
		373E27E6212B426A0003FFDF /* Build configuration list for PBXNativeTarget "scrollingAnimationUITests" */ = {
			isa = XCConfigurationList;
			buildConfigurations = (
				373E27E7212B426A0003FFDF /* Debug */,
				373E27E8212B426A0003FFDF /* Release */,
			);
			defaultConfigurationIsVisible = 0;
			defaultConfigurationName = Release;
		};
		37ABCF0F1F37C42600E01A99 /* Build configuration list for PBXProject "scrollingAnimation" */ = {
			isa = XCConfigurationList;
			buildConfigurations = (
				37ABCF241F37C42600E01A99 /* Debug */,
				37ABCF251F37C42600E01A99 /* Release */,
			);
			defaultConfigurationIsVisible = 0;
			defaultConfigurationName = Release;
		};
		37ABCF261F37C42600E01A99 /* Build configuration list for PBXNativeTarget "scrollingAnimation" */ = {
			isa = XCConfigurationList;
			buildConfigurations = (
				37ABCF271F37C42600E01A99 /* Debug */,
				37ABCF281F37C42600E01A99 /* Release */,
			);
			defaultConfigurationIsVisible = 0;
			defaultConfigurationName = Release;
		};
/* End XCConfigurationList section */
	};
	rootObject = 37ABCF0C1F37C42600E01A99 /* Project object */;
}
